
Microsoft Visual Studio Solution File, Format Version 12.00
# Visual Studio Version 17
VisualStudioVersion = 17.14.36109.1 d17.14
MinimumVisualStudioVersion = 10.0.40219.1
Project("{FAE04EC0-301F-11D3-BF4B-00C04F79EFBC}") = "FClient", "FClient\FClient.csproj", "{1A84C56B-08A4-4453-8C58-F7E24E97699D}"
EndProject
Global
	GlobalSection(SolutionConfigurationPlatforms) = preSolution
		Debug|Any CPU = Debug|Any CPU
		Release|Any CPU = Release|Any CPU
	EndGlobalSection
	GlobalSection(ProjectConfigurationPlatforms) = postSolution
		{1A84C56B-08A4-4453-8C58-F7E24E97699D}.Debug|Any CPU.ActiveCfg = Debug|Any CPU
		{1A84C56B-08A4-4453-8C58-F7E24E97699D}.Debug|Any CPU.Build.0 = Debug|Any CPU
		{1A84C56B-08A4-4453-8C58-F7E24E97699D}.Release|Any CPU.ActiveCfg = Release|Any CPU
		{1A84C56B-08A4-4453-8C58-F7E24E97699D}.Release|Any CPU.Build.0 = Release|Any CPU
	EndGlobalSection
	GlobalSection(SolutionProperties) = preSolution
		HideSolutionNode = FALSE
	EndGlobalSection
	GlobalSection(ExtensibilityGlobals) = postSolution
		SolutionGuid = {B0178BD0-6D3C-4CEF-9B31-88DB4005913A}
	EndGlobalSection
EndGlobal
